
Microsoft Visual Studio Solution File, Format Version 12.00
# Visual Studio Version 16
VisualStudioVersion = 16.0.28922.388
MinimumVisualStudioVersion = 10.0.40219.1
Project("{9A19103F-16F7-4668-BE54-9A1E7A4F7556}") = "01. Train", "01. Train\01. Train.csproj", "{22AE7B2B-8887-4D09-925C-DAF034ECDAFE}"
EndProject
Project("{9A19103F-16F7-4668-BE54-9A1E7A4F7556}") = "02. Common Elements", "02. Common Elements\02. Common Elements.csproj", "{E422F7F7-F686-4C20-9EFB-B6500A89CCDB}"
EndProject
Project("{9A19103F-16F7-4668-BE54-9A1E7A4F7556}") = "03. Zig-Zag Arrays", "03. Zig-Zag Arrays\03. Zig-Zag Arrays.csproj", "{D0C68918-632F-48B2-87F8-0ADE584EC99C}"
EndProject
Project("{9A19103F-16F7-4668-BE54-9A1E7A4F7556}") = "04. Array Rotation", "04. Array Rotation\04. Array Rotation.csproj", "{5FF48281-B0B9-419B-A302-A48B0AB10472}"
EndProject
Project("{9A19103F-16F7-4668-BE54-9A1E7A4F7556}") = "05. Top Integers", "05. Top Integers\05. Top Integers.csproj", "{B4FF05B0-9DE2-4D6C-9EF8-7E93BCBB76C5}"
EndProject
Project("{9A19103F-16F7-4668-BE54-9A1E7A4F7556}") = "06. Equal Sum", "06. Equal Sum\06. Equal Sum.csproj", "{DB00D78C-B758-4CCD-AAB8-C1492A2CDDD2}"
EndProject
Project("{FAE04EC0-301F-11D3-BF4B-00C04F79EFBC}") = "07. Max SequenceEqEl", "07. Max SequenceEqEl\07. Max SequenceEqEl.csproj", "{928C0357-CCFD-49F9-B019-F5F6638AC160}"
EndProject
Project("{FAE04EC0-301F-11D3-BF4B-00C04F79EFBC}") = "08. Magic Sum", "08. Magic Sum\08. Magic Sum.csproj", "{6EC05B8B-6E07-4654-9303-94E0B4D2FBB5}"
EndProject
Project("{FAE04EC0-301F-11D3-BF4B-00C04F79EFBC}") = "09. Kamino Factory", "09. Kamino Factory\09. Kamino Factory.csproj", "{6CBF1AF3-1E38-4D88-B817-F5F329ECCC2A}"
EndProject
Global
	GlobalSection(SolutionConfigurationPlatforms) = preSolution
		Debug|Any CPU = Debug|Any CPU
		Release|Any CPU = Release|Any CPU
	EndGlobalSection
	GlobalSection(ProjectConfigurationPlatforms) = postSolution
		{22AE7B2B-8887-4D09-925C-DAF034ECDAFE}.Debug|Any CPU.ActiveCfg = Debug|Any CPU
		{22AE7B2B-8887-4D09-925C-DAF034ECDAFE}.Debug|Any CPU.Build.0 = Debug|Any CPU
		{22AE7B2B-8887-4D09-925C-DAF034ECDAFE}.Release|Any CPU.ActiveCfg = Release|Any CPU
		{22AE7B2B-8887-4D09-925C-DAF034ECDAFE}.Release|Any CPU.Build.0 = Release|Any CPU
		{E422F7F7-F686-4C20-9EFB-B6500A89CCDB}.Debug|Any CPU.ActiveCfg = Debug|Any CPU
		{E422F7F7-F686-4C20-9EFB-B6500A89CCDB}.Debug|Any CPU.Build.0 = Debug|Any CPU
		{E422F7F7-F686-4C20-9EFB-B6500A89CCDB}.Release|Any CPU.ActiveCfg = Release|Any CPU
		{E422F7F7-F686-4C20-9EFB-B6500A89CCDB}.Release|Any CPU.Build.0 = Release|Any CPU
		{D0C68918-632F-48B2-87F8-0ADE584EC99C}.Debug|Any CPU.ActiveCfg = Debug|Any CPU
		{D0C68918-632F-48B2-87F8-0ADE584EC99C}.Debug|Any CPU.Build.0 = Debug|Any CPU
		{D0C68918-632F-48B2-87F8-0ADE584EC99C}.Release|Any CPU.ActiveCfg = Release|Any CPU
		{D0C68918-632F-48B2-87F8-0ADE584EC99C}.Release|Any CPU.Build.0 = Release|Any CPU
		{5FF48281-B0B9-419B-A302-A48B0AB10472}.Debug|Any CPU.ActiveCfg = Debug|Any CPU
		{5FF48281-B0B9-419B-A302-A48B0AB10472}.Debug|Any CPU.Build.0 = Debug|Any CPU
		{5FF48281-B0B9-419B-A302-A48B0AB10472}.Release|Any CPU.ActiveCfg = Release|Any CPU
		{5FF48281-B0B9-419B-A302-A48B0AB10472}.Release|Any CPU.Build.0 = Release|Any CPU
		{B4FF05B0-9DE2-4D6C-9EF8-7E93BCBB76C5}.Debug|Any CPU.ActiveCfg = Debug|Any CPU
		{B4FF05B0-9DE2-4D6C-9EF8-7E93BCBB76C5}.Debug|Any CPU.Build.0 = Debug|Any CPU
		{B4FF05B0-9DE2-4D6C-9EF8-7E93BCBB76C5}.Release|Any CPU.ActiveCfg = Release|Any CPU
		{B4FF05B0-9DE2-4D6C-9EF8-7E93BCBB76C5}.Release|Any CPU.Build.0 = Release|Any CPU
		{DB00D78C-B758-4CCD-AAB8-C1492A2CDDD2}.Debug|Any CPU.ActiveCfg = Debug|Any CPU
		{DB00D78C-B758-4CCD-AAB8-C1492A2CDDD2}.Debug|Any CPU.Build.0 = Debug|Any CPU
		{DB00D78C-B758-4CCD-AAB8-C1492A2CDDD2}.Release|Any CPU.ActiveCfg = Release|Any CPU
		{DB00D78C-B758-4CCD-AAB8-C1492A2CDDD2}.Release|Any CPU.Build.0 = Release|Any CPU
		{928C0357-CCFD-49F9-B019-F5F6638AC160}.Debug|Any CPU.ActiveCfg = Debug|Any CPU
		{928C0357-CCFD-49F9-B019-F5F6638AC160}.Debug|Any CPU.Build.0 = Debug|Any CPU
		{928C0357-CCFD-49F9-B019-F5F6638AC160}.Release|Any CPU.ActiveCfg = Release|Any CPU
		{928C0357-CCFD-49F9-B019-F5F6638AC160}.Release|Any CPU.Build.0 = Release|Any CPU
		{6EC05B8B-6E07-4654-9303-94E0B4D2FBB5}.Debug|Any CPU.ActiveCfg = Debug|Any CPU
		{6EC05B8B-6E07-4654-9303-94E0B4D2FBB5}.Debug|Any CPU.Build.0 = Debug|Any CPU
		{6EC05B8B-6E07-4654-9303-94E0B4D2FBB5}.Release|Any CPU.ActiveCfg = Release|Any CPU
		{6EC05B8B-6E07-4654-9303-94E0B4D2FBB5}.Release|Any CPU.Build.0 = Release|Any CPU
		{6CBF1AF3-1E38-4D88-B817-F5F329ECCC2A}.Debug|Any CPU.ActiveCfg = Debug|Any CPU
		{6CBF1AF3-1E38-4D88-B817-F5F329ECCC2A}.Debug|Any CPU.Build.0 = Debug|Any CPU
		{6CBF1AF3-1E38-4D88-B817-F5F329ECCC2A}.Release|Any CPU.ActiveCfg = Release|Any CPU
		{6CBF1AF3-1E38-4D88-B817-F5F329ECCC2A}.Release|Any CPU.Build.0 = Release|Any CPU
	EndGlobalSection
	GlobalSection(SolutionProperties) = preSolution
		HideSolutionNode = FALSE
	EndGlobalSection
	GlobalSection(ExtensibilityGlobals) = postSolution
		SolutionGuid = {1E4AD7DF-97D3-4BC3-A52B-4E4438F27523}
	EndGlobalSection
EndGlobal
