
Microsoft Visual Studio Solution File, Format Version 12.00
# Visual Studio Version 16
VisualStudioVersion = 16.0.28922.388
MinimumVisualStudioVersion = 10.0.40219.1
Project("{9A19103F-16F7-4668-BE54-9A1E7A4F7556}") = "01. Day of Week", "01. Day of Week\01. Day of Week.csproj", "{47048ACB-8761-448D-AA70-FD5A96E7E186}"
EndProject
Project("{9A19103F-16F7-4668-BE54-9A1E7A4F7556}") = "02. Randomize Words", "02. Randomize Words\02. Randomize Words.csproj", "{F27393DC-E84F-4727-979B-284D3EB480F0}"
EndProject
Project("{9A19103F-16F7-4668-BE54-9A1E7A4F7556}") = "03. Big Factorial", "03. Big Factorial\03. Big Factorial.csproj", "{9706E7F6-979B-4274-BD58-43F5F4519690}"
EndProject
Project("{9A19103F-16F7-4668-BE54-9A1E7A4F7556}") = "04. Songs", "04. Songs\04. Songs.csproj", "{90FAB9FE-98D4-4BBE-9F93-C3A5EB078FF6}"
EndProject
Project("{9A19103F-16F7-4668-BE54-9A1E7A4F7556}") = "05. Students", "05. Students\05. Students.csproj", "{3E1D45D2-66A9-455A-836A-82D9C9397699}"
EndProject
Project("{9A19103F-16F7-4668-BE54-9A1E7A4F7556}") = "06. Students 2.0", "06. Students 2.0\06. Students 2.0.csproj", "{C049A0F2-21C5-484C-9B97-9A6FAAAD4117}"
EndProject
Project("{9A19103F-16F7-4668-BE54-9A1E7A4F7556}") = "07. Store Boxes", "07. Store Boxes\07. Store Boxes.csproj", "{1F4B37BF-0414-48E9-856C-BA1A856C9FC4}"
EndProject
Project("{FAE04EC0-301F-11D3-BF4B-00C04F79EFBC}") = "08. Vehicle Catalogue", "08. Vehicle Catalogue\08. Vehicle Catalogue.csproj", "{C2E2FE17-59E4-4EF5-A743-916DAF3446F9}"
EndProject
Global
	GlobalSection(SolutionConfigurationPlatforms) = preSolution
		Debug|Any CPU = Debug|Any CPU
		Release|Any CPU = Release|Any CPU
	EndGlobalSection
	GlobalSection(ProjectConfigurationPlatforms) = postSolution
		{47048ACB-8761-448D-AA70-FD5A96E7E186}.Debug|Any CPU.ActiveCfg = Debug|Any CPU
		{47048ACB-8761-448D-AA70-FD5A96E7E186}.Debug|Any CPU.Build.0 = Debug|Any CPU
		{47048ACB-8761-448D-AA70-FD5A96E7E186}.Release|Any CPU.ActiveCfg = Release|Any CPU
		{47048ACB-8761-448D-AA70-FD5A96E7E186}.Release|Any CPU.Build.0 = Release|Any CPU
		{F27393DC-E84F-4727-979B-284D3EB480F0}.Debug|Any CPU.ActiveCfg = Debug|Any CPU
		{F27393DC-E84F-4727-979B-284D3EB480F0}.Debug|Any CPU.Build.0 = Debug|Any CPU
		{F27393DC-E84F-4727-979B-284D3EB480F0}.Release|Any CPU.ActiveCfg = Release|Any CPU
		{F27393DC-E84F-4727-979B-284D3EB480F0}.Release|Any CPU.Build.0 = Release|Any CPU
		{9706E7F6-979B-4274-BD58-43F5F4519690}.Debug|Any CPU.ActiveCfg = Debug|Any CPU
		{9706E7F6-979B-4274-BD58-43F5F4519690}.Debug|Any CPU.Build.0 = Debug|Any CPU
		{9706E7F6-979B-4274-BD58-43F5F4519690}.Release|Any CPU.ActiveCfg = Release|Any CPU
		{9706E7F6-979B-4274-BD58-43F5F4519690}.Release|Any CPU.Build.0 = Release|Any CPU
		{90FAB9FE-98D4-4BBE-9F93-C3A5EB078FF6}.Debug|Any CPU.ActiveCfg = Debug|Any CPU
		{90FAB9FE-98D4-4BBE-9F93-C3A5EB078FF6}.Debug|Any CPU.Build.0 = Debug|Any CPU
		{90FAB9FE-98D4-4BBE-9F93-C3A5EB078FF6}.Release|Any CPU.ActiveCfg = Release|Any CPU
		{90FAB9FE-98D4-4BBE-9F93-C3A5EB078FF6}.Release|Any CPU.Build.0 = Release|Any CPU
		{3E1D45D2-66A9-455A-836A-82D9C9397699}.Debug|Any CPU.ActiveCfg = Debug|Any CPU
		{3E1D45D2-66A9-455A-836A-82D9C9397699}.Debug|Any CPU.Build.0 = Debug|Any CPU
		{3E1D45D2-66A9-455A-836A-82D9C9397699}.Release|Any CPU.ActiveCfg = Release|Any CPU
		{3E1D45D2-66A9-455A-836A-82D9C9397699}.Release|Any CPU.Build.0 = Release|Any CPU
		{C049A0F2-21C5-484C-9B97-9A6FAAAD4117}.Debug|Any CPU.ActiveCfg = Debug|Any CPU
		{C049A0F2-21C5-484C-9B97-9A6FAAAD4117}.Debug|Any CPU.Build.0 = Debug|Any CPU
		{C049A0F2-21C5-484C-9B97-9A6FAAAD4117}.Release|Any CPU.ActiveCfg = Release|Any CPU
		{C049A0F2-21C5-484C-9B97-9A6FAAAD4117}.Release|Any CPU.Build.0 = Release|Any CPU
		{1F4B37BF-0414-48E9-856C-BA1A856C9FC4}.Debug|Any CPU.ActiveCfg = Debug|Any CPU
		{1F4B37BF-0414-48E9-856C-BA1A856C9FC4}.Debug|Any CPU.Build.0 = Debug|Any CPU
		{1F4B37BF-0414-48E9-856C-BA1A856C9FC4}.Release|Any CPU.ActiveCfg = Release|Any CPU
		{1F4B37BF-0414-48E9-856C-BA1A856C9FC4}.Release|Any CPU.Build.0 = Release|Any CPU
		{C2E2FE17-59E4-4EF5-A743-916DAF3446F9}.Debug|Any CPU.ActiveCfg = Debug|Any CPU
		{C2E2FE17-59E4-4EF5-A743-916DAF3446F9}.Debug|Any CPU.Build.0 = Debug|Any CPU
		{C2E2FE17-59E4-4EF5-A743-916DAF3446F9}.Release|Any CPU.ActiveCfg = Release|Any CPU
		{C2E2FE17-59E4-4EF5-A743-916DAF3446F9}.Release|Any CPU.Build.0 = Release|Any CPU
	EndGlobalSection
	GlobalSection(SolutionProperties) = preSolution
		HideSolutionNode = FALSE
	EndGlobalSection
	GlobalSection(ExtensibilityGlobals) = postSolution
		SolutionGuid = {2353A984-FC2D-4C4C-AC1A-5488D4E5FCE5}
	EndGlobalSection
EndGlobal
