
Microsoft Visual Studio Solution File, Format Version 12.00
# Visual Studio Version 16
VisualStudioVersion = 16.0.28922.388
MinimumVisualStudioVersion = 10.0.40219.1
Project("{FAE04EC0-301F-11D3-BF4B-00C04F79EFBC}") = "01. Train", "01. Train\01. Train.csproj", "{22AE7B2B-8887-4D09-925C-DAF034ECDAFE}"
EndProject
Global
	GlobalSection(SolutionConfigurationPlatforms) = preSolution
		Debug|Any CPU = Debug|Any CPU
		Release|Any CPU = Release|Any CPU
	EndGlobalSection
	GlobalSection(ProjectConfigurationPlatforms) = postSolution
		{22AE7B2B-8887-4D09-925C-DAF034ECDAFE}.Debug|Any CPU.ActiveCfg = Debug|Any CPU
		{22AE7B2B-8887-4D09-925C-DAF034ECDAFE}.Debug|Any CPU.Build.0 = Debug|Any CPU
		{22AE7B2B-8887-4D09-925C-DAF034ECDAFE}.Release|Any CPU.ActiveCfg = Release|Any CPU
		{22AE7B2B-8887-4D09-925C-DAF034ECDAFE}.Release|Any CPU.Build.0 = Release|Any CPU
	EndGlobalSection
	GlobalSection(SolutionProperties) = preSolution
		HideSolutionNode = FALSE
	EndGlobalSection
	GlobalSection(ExtensibilityGlobals) = postSolution
		SolutionGuid = {1E4AD7DF-97D3-4BC3-A52B-4E4438F27523}
	EndGlobalSection
EndGlobal
