
Microsoft Visual Studio Solution File, Format Version 12.00
# Visual Studio Version 16
VisualStudioVersion = 16.0.28922.388
MinimumVisualStudioVersion = 10.0.40219.1
Project("{9A19103F-16F7-4668-BE54-9A1E7A4F7556}") = "01. Count Real Numbers", "01. Count Real Numbers\01. Count Real Numbers.csproj", "{8C7BBDF7-2EF1-4A7F-9881-F1C166DFFC8A}"
EndProject
Project("{FAE04EC0-301F-11D3-BF4B-00C04F79EFBC}") = "02. Odd Occurrences", "02. Odd Occurrences\02. Odd Occurrences.csproj", "{A0A315E5-AFDD-4290-ACDB-662CD8603035}"
EndProject
Project("{FAE04EC0-301F-11D3-BF4B-00C04F79EFBC}") = "03. Word Synonyms", "03. Word Synonyms\03. Word Synonyms.csproj", "{FE8821F8-9F67-4CD1-B18B-CC4006C2D8A3}"
EndProject
Project("{FAE04EC0-301F-11D3-BF4B-00C04F79EFBC}") = "04. Largest 3 Numbers", "04. Largest 3 Numbers\04. Largest 3 Numbers.csproj", "{DD27677E-5168-401D-BA56-1DF9AE1EB4DE}"
EndProject
Project("{FAE04EC0-301F-11D3-BF4B-00C04F79EFBC}") = "05. Word Filter", "05. Word Filter\05. Word Filter.csproj", "{279BB51F-0B96-429C-9503-A726DFBC8502}"
EndProject
Global
	GlobalSection(SolutionConfigurationPlatforms) = preSolution
		Debug|Any CPU = Debug|Any CPU
		Release|Any CPU = Release|Any CPU
	EndGlobalSection
	GlobalSection(ProjectConfigurationPlatforms) = postSolution
		{8C7BBDF7-2EF1-4A7F-9881-F1C166DFFC8A}.Debug|Any CPU.ActiveCfg = Debug|Any CPU
		{8C7BBDF7-2EF1-4A7F-9881-F1C166DFFC8A}.Debug|Any CPU.Build.0 = Debug|Any CPU
		{8C7BBDF7-2EF1-4A7F-9881-F1C166DFFC8A}.Release|Any CPU.ActiveCfg = Release|Any CPU
		{8C7BBDF7-2EF1-4A7F-9881-F1C166DFFC8A}.Release|Any CPU.Build.0 = Release|Any CPU
		{A0A315E5-AFDD-4290-ACDB-662CD8603035}.Debug|Any CPU.ActiveCfg = Debug|Any CPU
		{A0A315E5-AFDD-4290-ACDB-662CD8603035}.Debug|Any CPU.Build.0 = Debug|Any CPU
		{A0A315E5-AFDD-4290-ACDB-662CD8603035}.Release|Any CPU.ActiveCfg = Release|Any CPU
		{A0A315E5-AFDD-4290-ACDB-662CD8603035}.Release|Any CPU.Build.0 = Release|Any CPU
		{FE8821F8-9F67-4CD1-B18B-CC4006C2D8A3}.Debug|Any CPU.ActiveCfg = Debug|Any CPU
		{FE8821F8-9F67-4CD1-B18B-CC4006C2D8A3}.Debug|Any CPU.Build.0 = Debug|Any CPU
		{FE8821F8-9F67-4CD1-B18B-CC4006C2D8A3}.Release|Any CPU.ActiveCfg = Release|Any CPU
		{FE8821F8-9F67-4CD1-B18B-CC4006C2D8A3}.Release|Any CPU.Build.0 = Release|Any CPU
		{DD27677E-5168-401D-BA56-1DF9AE1EB4DE}.Debug|Any CPU.ActiveCfg = Debug|Any CPU
		{DD27677E-5168-401D-BA56-1DF9AE1EB4DE}.Debug|Any CPU.Build.0 = Debug|Any CPU
		{DD27677E-5168-401D-BA56-1DF9AE1EB4DE}.Release|Any CPU.ActiveCfg = Release|Any CPU
		{DD27677E-5168-401D-BA56-1DF9AE1EB4DE}.Release|Any CPU.Build.0 = Release|Any CPU
		{279BB51F-0B96-429C-9503-A726DFBC8502}.Debug|Any CPU.ActiveCfg = Debug|Any CPU
		{279BB51F-0B96-429C-9503-A726DFBC8502}.Debug|Any CPU.Build.0 = Debug|Any CPU
		{279BB51F-0B96-429C-9503-A726DFBC8502}.Release|Any CPU.ActiveCfg = Release|Any CPU
		{279BB51F-0B96-429C-9503-A726DFBC8502}.Release|Any CPU.Build.0 = Release|Any CPU
	EndGlobalSection
	GlobalSection(SolutionProperties) = preSolution
		HideSolutionNode = FALSE
	EndGlobalSection
	GlobalSection(ExtensibilityGlobals) = postSolution
		SolutionGuid = {CD6E4514-E4D6-400F-87B9-69EA4F0ED08B}
	EndGlobalSection
EndGlobal
