
Microsoft Visual Studio Solution File, Format Version 12.00
# Visual Studio Version 16
VisualStudioVersion = 16.0.28922.388
MinimumVisualStudioVersion = 10.0.40219.1
Project("{FAE04EC0-301F-11D3-BF4B-00C04F79EFBC}") = "01. Ranking", "01. Ranking\01. Ranking.csproj", "{81142295-F2D0-4C14-9A75-F6C6A853B31E}"
EndProject
Global
	GlobalSection(SolutionConfigurationPlatforms) = preSolution
		Debug|Any CPU = Debug|Any CPU
		Release|Any CPU = Release|Any CPU
	EndGlobalSection
	GlobalSection(ProjectConfigurationPlatforms) = postSolution
		{81142295-F2D0-4C14-9A75-F6C6A853B31E}.Debug|Any CPU.ActiveCfg = Debug|Any CPU
		{81142295-F2D0-4C14-9A75-F6C6A853B31E}.Debug|Any CPU.Build.0 = Debug|Any CPU
		{81142295-F2D0-4C14-9A75-F6C6A853B31E}.Release|Any CPU.ActiveCfg = Release|Any CPU
		{81142295-F2D0-4C14-9A75-F6C6A853B31E}.Release|Any CPU.Build.0 = Release|Any CPU
	EndGlobalSection
	GlobalSection(SolutionProperties) = preSolution
		HideSolutionNode = FALSE
	EndGlobalSection
	GlobalSection(ExtensibilityGlobals) = postSolution
		SolutionGuid = {7B9EAD2A-C6FC-404A-8976-1C3865C542C0}
	EndGlobalSection
EndGlobal
