
Microsoft Visual Studio Solution File, Format Version 12.00
# Visual Studio Version 16
VisualStudioVersion = 16.0.28922.388
MinimumVisualStudioVersion = 10.0.40219.1
Project("{FAE04EC0-301F-11D3-BF4B-00C04F79EFBC}") = "01. Data Types", "01. Data Types\01. Data Types.csproj", "{0F4A7A17-F8FE-4F6F-961F-8A8B436A6B14}"
EndProject
Project("{FAE04EC0-301F-11D3-BF4B-00C04F79EFBC}") = "02. Center Point", "02. Center Point\02. Center Point.csproj", "{64B3737E-849B-40C1-8557-D7A58E7AC5DC}"
EndProject
Project("{FAE04EC0-301F-11D3-BF4B-00C04F79EFBC}") = "03. Longer Line", "03. Longer Line\03. Longer Line.csproj", "{6070B644-B750-435F-B993-D1E9F0DAC83F}"
EndProject
Project("{FAE04EC0-301F-11D3-BF4B-00C04F79EFBC}") = "04. TribonacciSequence", "04. TribonacciSequence\04. TribonacciSequence.csproj", "{A6503127-6181-45AF-B930-7D15C1D3F2B2}"
EndProject
Project("{FAE04EC0-301F-11D3-BF4B-00C04F79EFBC}") = "05. MultiplicationSign", "05. MultiplicationSign\05. MultiplicationSign.csproj", "{C74C8CB2-19A6-43B1-98B2-127AF9930421}"
EndProject
Global
	GlobalSection(SolutionConfigurationPlatforms) = preSolution
		Debug|Any CPU = Debug|Any CPU
		Release|Any CPU = Release|Any CPU
	EndGlobalSection
	GlobalSection(ProjectConfigurationPlatforms) = postSolution
		{0F4A7A17-F8FE-4F6F-961F-8A8B436A6B14}.Debug|Any CPU.ActiveCfg = Debug|Any CPU
		{0F4A7A17-F8FE-4F6F-961F-8A8B436A6B14}.Debug|Any CPU.Build.0 = Debug|Any CPU
		{0F4A7A17-F8FE-4F6F-961F-8A8B436A6B14}.Release|Any CPU.ActiveCfg = Release|Any CPU
		{0F4A7A17-F8FE-4F6F-961F-8A8B436A6B14}.Release|Any CPU.Build.0 = Release|Any CPU
		{64B3737E-849B-40C1-8557-D7A58E7AC5DC}.Debug|Any CPU.ActiveCfg = Debug|Any CPU
		{64B3737E-849B-40C1-8557-D7A58E7AC5DC}.Debug|Any CPU.Build.0 = Debug|Any CPU
		{64B3737E-849B-40C1-8557-D7A58E7AC5DC}.Release|Any CPU.ActiveCfg = Release|Any CPU
		{64B3737E-849B-40C1-8557-D7A58E7AC5DC}.Release|Any CPU.Build.0 = Release|Any CPU
		{6070B644-B750-435F-B993-D1E9F0DAC83F}.Debug|Any CPU.ActiveCfg = Debug|Any CPU
		{6070B644-B750-435F-B993-D1E9F0DAC83F}.Debug|Any CPU.Build.0 = Debug|Any CPU
		{6070B644-B750-435F-B993-D1E9F0DAC83F}.Release|Any CPU.ActiveCfg = Release|Any CPU
		{6070B644-B750-435F-B993-D1E9F0DAC83F}.Release|Any CPU.Build.0 = Release|Any CPU
		{A6503127-6181-45AF-B930-7D15C1D3F2B2}.Debug|Any CPU.ActiveCfg = Debug|Any CPU
		{A6503127-6181-45AF-B930-7D15C1D3F2B2}.Debug|Any CPU.Build.0 = Debug|Any CPU
		{A6503127-6181-45AF-B930-7D15C1D3F2B2}.Release|Any CPU.ActiveCfg = Release|Any CPU
		{A6503127-6181-45AF-B930-7D15C1D3F2B2}.Release|Any CPU.Build.0 = Release|Any CPU
		{C74C8CB2-19A6-43B1-98B2-127AF9930421}.Debug|Any CPU.ActiveCfg = Debug|Any CPU
		{C74C8CB2-19A6-43B1-98B2-127AF9930421}.Debug|Any CPU.Build.0 = Debug|Any CPU
		{C74C8CB2-19A6-43B1-98B2-127AF9930421}.Release|Any CPU.ActiveCfg = Release|Any CPU
		{C74C8CB2-19A6-43B1-98B2-127AF9930421}.Release|Any CPU.Build.0 = Release|Any CPU
	EndGlobalSection
	GlobalSection(SolutionProperties) = preSolution
		HideSolutionNode = FALSE
	EndGlobalSection
	GlobalSection(ExtensibilityGlobals) = postSolution
		SolutionGuid = {5E528DE7-1BAD-41F9-A650-33461023E817}
	EndGlobalSection
EndGlobal
